
Microsoft Visual Studio Solution File, Format Version 12.00
# Visual Studio Version 17
VisualStudioVersion = 17.5.2.0
MinimumVisualStudioVersion = 10.0.40219.1
Project("{2150E333-8FDC-42A3-9474-1A3956D46DE8}") = "src", "src", "{827E0CD3-B72D-47B6-A68D-7590B98EB39B}"
EndProject
Project("{FAE04EC0-301F-11D3-BF4B-00C04F79EFBC}") = "TeklaAPIExtensions.Model", "src\TeklaAPIExtensions.Model\TeklaAPIExtensions.Model.csproj", "{0D9A5206-426C-45EB-A720-A6AACF64C4C6}"
EndProject
Project("{FAE04EC0-301F-11D3-BF4B-00C04F79EFBC}") = "TeklaAPIExtensions.Drawing", "src\TeklaAPIExtensions.Drawing\TeklaAPIExtensions.Drawing.csproj", "{8A61507D-1848-47AE-B266-6D7508E81BE8}"
EndProject
Project("{2150E333-8FDC-42A3-9474-1A3956D46DE8}") = "test", "test", "{0C88DD14-F956-CE84-757C-A364CCF449FC}"
EndProject
Project("{FAE04EC0-301F-11D3-BF4B-00C04F79EFBC}") = "TeklaAPIExtensions.Model.Tests", "test\TeklaAPIExtensions.Model.Tests\TeklaAPIExtensions.Model.Tests.csproj", "{BBF66FEA-BFAB-4E55-A79A-D80D8FD95195}"
EndProject
Project("{FAE04EC0-301F-11D3-BF4B-00C04F79EFBC}") = "TeklaAPIExtensions.Drawing.Tests", "test\TeklaAPIExtensions.Drawing.Tests\TeklaAPIExtensions.Drawing.Tests.csproj", "{77F05098-03CE-46A1-B187-D89945EE9B7E}"
EndProject
Project("{FAE04EC0-301F-11D3-BF4B-00C04F79EFBC}") = "TeklaAPIExtensions.Catalogs", "src\TeklaAPIExtensions.Catalogs\TeklaAPIExtensions.Catalogs.csproj", "{35D9648B-C30F-4A33-B0FB-EA02D224595D}"
EndProject
Global
	GlobalSection(SolutionConfigurationPlatforms) = preSolution
		Debug|Any CPU = Debug|Any CPU
		Debug|x64 = Debug|x64
		Debug|x86 = Debug|x86
		Release|Any CPU = Release|Any CPU
		Release|x64 = Release|x64
		Release|x86 = Release|x86
	EndGlobalSection
	GlobalSection(ProjectConfigurationPlatforms) = postSolution
		{0D9A5206-426C-45EB-A720-A6AACF64C4C6}.Debug|Any CPU.ActiveCfg = Debug|Any CPU
		{0D9A5206-426C-45EB-A720-A6AACF64C4C6}.Debug|Any CPU.Build.0 = Debug|Any CPU
		{0D9A5206-426C-45EB-A720-A6AACF64C4C6}.Debug|x64.ActiveCfg = Debug|Any CPU
		{0D9A5206-426C-45EB-A720-A6AACF64C4C6}.Debug|x64.Build.0 = Debug|Any CPU
		{0D9A5206-426C-45EB-A720-A6AACF64C4C6}.Debug|x86.ActiveCfg = Debug|Any CPU
		{0D9A5206-426C-45EB-A720-A6AACF64C4C6}.Debug|x86.Build.0 = Debug|Any CPU
		{0D9A5206-426C-45EB-A720-A6AACF64C4C6}.Release|Any CPU.ActiveCfg = Release|Any CPU
		{0D9A5206-426C-45EB-A720-A6AACF64C4C6}.Release|Any CPU.Build.0 = Release|Any CPU
		{0D9A5206-426C-45EB-A720-A6AACF64C4C6}.Release|x64.ActiveCfg = Release|Any CPU
		{0D9A5206-426C-45EB-A720-A6AACF64C4C6}.Release|x64.Build.0 = Release|Any CPU
		{0D9A5206-426C-45EB-A720-A6AACF64C4C6}.Release|x86.ActiveCfg = Release|Any CPU
		{0D9A5206-426C-45EB-A720-A6AACF64C4C6}.Release|x86.Build.0 = Release|Any CPU
		{8A61507D-1848-47AE-B266-6D7508E81BE8}.Debug|Any CPU.ActiveCfg = Debug|Any CPU
		{8A61507D-1848-47AE-B266-6D7508E81BE8}.Debug|Any CPU.Build.0 = Debug|Any CPU
		{8A61507D-1848-47AE-B266-6D7508E81BE8}.Debug|x64.ActiveCfg = Debug|Any CPU
		{8A61507D-1848-47AE-B266-6D7508E81BE8}.Debug|x64.Build.0 = Debug|Any CPU
		{8A61507D-1848-47AE-B266-6D7508E81BE8}.Debug|x86.ActiveCfg = Debug|Any CPU
		{8A61507D-1848-47AE-B266-6D7508E81BE8}.Debug|x86.Build.0 = Debug|Any CPU
		{8A61507D-1848-47AE-B266-6D7508E81BE8}.Release|Any CPU.ActiveCfg = Release|Any CPU
		{8A61507D-1848-47AE-B266-6D7508E81BE8}.Release|Any CPU.Build.0 = Release|Any CPU
		{8A61507D-1848-47AE-B266-6D7508E81BE8}.Release|x64.ActiveCfg = Release|Any CPU
		{8A61507D-1848-47AE-B266-6D7508E81BE8}.Release|x64.Build.0 = Release|Any CPU
		{8A61507D-1848-47AE-B266-6D7508E81BE8}.Release|x86.ActiveCfg = Release|Any CPU
		{8A61507D-1848-47AE-B266-6D7508E81BE8}.Release|x86.Build.0 = Release|Any CPU
		{BBF66FEA-BFAB-4E55-A79A-D80D8FD95195}.Debug|Any CPU.ActiveCfg = Debug|Any CPU
		{BBF66FEA-BFAB-4E55-A79A-D80D8FD95195}.Debug|Any CPU.Build.0 = Debug|Any CPU
		{BBF66FEA-BFAB-4E55-A79A-D80D8FD95195}.Debug|x64.ActiveCfg = Debug|Any CPU
		{BBF66FEA-BFAB-4E55-A79A-D80D8FD95195}.Debug|x64.Build.0 = Debug|Any CPU
		{BBF66FEA-BFAB-4E55-A79A-D80D8FD95195}.Debug|x86.ActiveCfg = Debug|Any CPU
		{BBF66FEA-BFAB-4E55-A79A-D80D8FD95195}.Debug|x86.Build.0 = Debug|Any CPU
		{BBF66FEA-BFAB-4E55-A79A-D80D8FD95195}.Release|Any CPU.ActiveCfg = Release|Any CPU
		{BBF66FEA-BFAB-4E55-A79A-D80D8FD95195}.Release|Any CPU.Build.0 = Release|Any CPU
		{BBF66FEA-BFAB-4E55-A79A-D80D8FD95195}.Release|x64.ActiveCfg = Release|Any CPU
		{BBF66FEA-BFAB-4E55-A79A-D80D8FD95195}.Release|x64.Build.0 = Release|Any CPU
		{BBF66FEA-BFAB-4E55-A79A-D80D8FD95195}.Release|x86.ActiveCfg = Release|Any CPU
		{BBF66FEA-BFAB-4E55-A79A-D80D8FD95195}.Release|x86.Build.0 = Release|Any CPU
		{77F05098-03CE-46A1-B187-D89945EE9B7E}.Debug|Any CPU.ActiveCfg = Debug|Any CPU
		{77F05098-03CE-46A1-B187-D89945EE9B7E}.Debug|Any CPU.Build.0 = Debug|Any CPU
		{77F05098-03CE-46A1-B187-D89945EE9B7E}.Debug|x64.ActiveCfg = Debug|Any CPU
		{77F05098-03CE-46A1-B187-D89945EE9B7E}.Debug|x64.Build.0 = Debug|Any CPU
		{77F05098-03CE-46A1-B187-D89945EE9B7E}.Debug|x86.ActiveCfg = Debug|Any CPU
		{77F05098-03CE-46A1-B187-D89945EE9B7E}.Debug|x86.Build.0 = Debug|Any CPU
		{77F05098-03CE-46A1-B187-D89945EE9B7E}.Release|Any CPU.ActiveCfg = Release|Any CPU
		{77F05098-03CE-46A1-B187-D89945EE9B7E}.Release|Any CPU.Build.0 = Release|Any CPU
		{77F05098-03CE-46A1-B187-D89945EE9B7E}.Release|x64.ActiveCfg = Release|Any CPU
		{77F05098-03CE-46A1-B187-D89945EE9B7E}.Release|x64.Build.0 = Release|Any CPU
		{77F05098-03CE-46A1-B187-D89945EE9B7E}.Release|x86.ActiveCfg = Release|Any CPU
		{77F05098-03CE-46A1-B187-D89945EE9B7E}.Release|x86.Build.0 = Release|Any CPU
		{35D9648B-C30F-4A33-B0FB-EA02D224595D}.Debug|Any CPU.ActiveCfg = Debug|Any CPU
		{35D9648B-C30F-4A33-B0FB-EA02D224595D}.Debug|Any CPU.Build.0 = Debug|Any CPU
		{35D9648B-C30F-4A33-B0FB-EA02D224595D}.Debug|x64.ActiveCfg = Debug|Any CPU
		{35D9648B-C30F-4A33-B0FB-EA02D224595D}.Debug|x64.Build.0 = Debug|Any CPU
		{35D9648B-C30F-4A33-B0FB-EA02D224595D}.Debug|x86.ActiveCfg = Debug|Any CPU
		{35D9648B-C30F-4A33-B0FB-EA02D224595D}.Debug|x86.Build.0 = Debug|Any CPU
		{35D9648B-C30F-4A33-B0FB-EA02D224595D}.Release|Any CPU.ActiveCfg = Release|Any CPU
		{35D9648B-C30F-4A33-B0FB-EA02D224595D}.Release|Any CPU.Build.0 = Release|Any CPU
		{35D9648B-C30F-4A33-B0FB-EA02D224595D}.Release|x64.ActiveCfg = Release|Any CPU
		{35D9648B-C30F-4A33-B0FB-EA02D224595D}.Release|x64.Build.0 = Release|Any CPU
		{35D9648B-C30F-4A33-B0FB-EA02D224595D}.Release|x86.ActiveCfg = Release|Any CPU
		{35D9648B-C30F-4A33-B0FB-EA02D224595D}.Release|x86.Build.0 = Release|Any CPU
	EndGlobalSection
	GlobalSection(SolutionProperties) = preSolution
		HideSolutionNode = FALSE
	EndGlobalSection
	GlobalSection(NestedProjects) = preSolution
		{0D9A5206-426C-45EB-A720-A6AACF64C4C6} = {827E0CD3-B72D-47B6-A68D-7590B98EB39B}
		{8A61507D-1848-47AE-B266-6D7508E81BE8} = {827E0CD3-B72D-47B6-A68D-7590B98EB39B}
		{BBF66FEA-BFAB-4E55-A79A-D80D8FD95195} = {0C88DD14-F956-CE84-757C-A364CCF449FC}
		{77F05098-03CE-46A1-B187-D89945EE9B7E} = {0C88DD14-F956-CE84-757C-A364CCF449FC}
		{35D9648B-C30F-4A33-B0FB-EA02D224595D} = {827E0CD3-B72D-47B6-A68D-7590B98EB39B}
	EndGlobalSection
	GlobalSection(ExtensibilityGlobals) = postSolution
		SolutionGuid = {96198CA3-E517-4429-B6FE-7A8680CD64E7}
	EndGlobalSection
EndGlobal
